// !$*UTF8*$!
{
	archiveVersion = 1;
	classes = {
	};
	objectVersion = 48;
	objects = {

/* Begin PBXBuildFile section */
		2588BCBC12B596D1216116CB /* Pods_Pantry2Recipe.framework in Frameworks */ = {isa = PBXBuildFile; fileRef = 719659EAD5DC12DA8B09B87B /* Pods_Pantry2Recipe.framework */; };
		6F07BDFD1FD5CA2D00B54E96 /* AboutViewController.swift in Sources */ = {isa = PBXBuildFile; fileRef = 6F07BDFC1FD5CA2D00B54E96 /* AboutViewController.swift */; };
		6F77D5341FCE18E900E30628 /* AppDelegate.swift in Sources */ = {isa = PBXBuildFile; fileRef = 6F77D5331FCE18E900E30628 /* AppDelegate.swift */; };
		6F77D5361FCE18E900E30628 /* ViewController.swift in Sources */ = {isa = PBXBuildFile; fileRef = 6F77D5351FCE18E900E30628 /* ViewController.swift */; };
		6F77D5391FCE18E900E30628 /* Main.storyboard in Resources */ = {isa = PBXBuildFile; fileRef = 6F77D5371FCE18E900E30628 /* Main.storyboard */; };
		6F77D53B1FCE18E900E30628 /* Assets.xcassets in Resources */ = {isa = PBXBuildFile; fileRef = 6F77D53A1FCE18E900E30628 /* Assets.xcassets */; };
		6F77D53E1FCE18E900E30628 /* LaunchScreen.storyboard in Resources */ = {isa = PBXBuildFile; fileRef = 6F77D53C1FCE18E900E30628 /* LaunchScreen.storyboard */; };
		6F77D5491FCE18E900E30628 /* Pantry2RecipeTests.swift in Sources */ = {isa = PBXBuildFile; fileRef = 6F77D5481FCE18E900E30628 /* Pantry2RecipeTests.swift */; };
		6F77D5541FCE18E900E30628 /* Pantry2RecipeUITests.swift in Sources */ = {isa = PBXBuildFile; fileRef = 6F77D5531FCE18E900E30628 /* Pantry2RecipeUITests.swift */; };
		6F77D5621FCE1CAC00E30628 /* RecipeViewController.swift in Sources */ = {isa = PBXBuildFile; fileRef = 6F77D5611FCE1CAC00E30628 /* RecipeViewController.swift */; };
		6F77D5641FCE1DD600E30628 /* Recipes.swift in Sources */ = {isa = PBXBuildFile; fileRef = 6F77D5631FCE1DD600E30628 /* Recipes.swift */; };
		6F9EF3E61FD0AA8D0011B383 /* TableViewCell.swift in Sources */ = {isa = PBXBuildFile; fileRef = 6F9EF3E51FD0AA8D0011B383 /* TableViewCell.swift */; };
/* End PBXBuildFile section */

/* Begin PBXContainerItemProxy section */
		6F77D5451FCE18E900E30628 /* PBXContainerItemProxy */ = {
			isa = PBXContainerItemProxy;
			containerPortal = 6F77D5281FCE18E900E30628 /* Project object */;
			proxyType = 1;
			remoteGlobalIDString = 6F77D52F1FCE18E900E30628;
			remoteInfo = Pantry2Recipe;
		};
		6F77D5501FCE18E900E30628 /* PBXContainerItemProxy */ = {
			isa = PBXContainerItemProxy;
			containerPortal = 6F77D5281FCE18E900E30628 /* Project object */;
			proxyType = 1;
			remoteGlobalIDString = 6F77D52F1FCE18E900E30628;
			remoteInfo = Pantry2Recipe;
		};
/* End PBXContainerItemProxy section */

/* Begin PBXFileReference section */
		6F07BDFC1FD5CA2D00B54E96 /* AboutViewController.swift */ = {isa = PBXFileReference; lastKnownFileType = sourcecode.swift; path = AboutViewController.swift; sourceTree = "<group>"; };
		6F77D5301FCE18E900E30628 /* Pantry2Recipe.app */ = {isa = PBXFileReference; explicitFileType = wrapper.application; includeInIndex = 0; path = Pantry2Recipe.app; sourceTree = BUILT_PRODUCTS_DIR; };
		6F77D5331FCE18E900E30628 /* AppDelegate.swift */ = {isa = PBXFileReference; lastKnownFileType = sourcecode.swift; path = AppDelegate.swift; sourceTree = "<group>"; };
		6F77D5351FCE18E900E30628 /* ViewController.swift */ = {isa = PBXFileReference; lastKnownFileType = sourcecode.swift; path = ViewController.swift; sourceTree = "<group>"; };
		6F77D5381FCE18E900E30628 /* Base */ = {isa = PBXFileReference; lastKnownFileType = file.storyboard; name = Base; path = Base.lproj/Main.storyboard; sourceTree = "<group>"; };
		6F77D53A1FCE18E900E30628 /* Assets.xcassets */ = {isa = PBXFileReference; lastKnownFileType = folder.assetcatalog; path = Assets.xcassets; sourceTree = "<group>"; };
		6F77D53D1FCE18E900E30628 /* Base */ = {isa = PBXFileReference; lastKnownFileType = file.storyboard; name = Base; path = Base.lproj/LaunchScreen.storyboard; sourceTree = "<group>"; };
		6F77D53F1FCE18E900E30628 /* Info.plist */ = {isa = PBXFileReference; lastKnownFileType = text.plist.xml; path = Info.plist; sourceTree = "<group>"; };
		6F77D5441FCE18E900E30628 /* Pantry2RecipeTests.xctest */ = {isa = PBXFileReference; explicitFileType = wrapper.cfbundle; includeInIndex = 0; path = Pantry2RecipeTests.xctest; sourceTree = BUILT_PRODUCTS_DIR; };
		6F77D5481FCE18E900E30628 /* Pantry2RecipeTests.swift */ = {isa = PBXFileReference; lastKnownFileType = sourcecode.swift; path = Pantry2RecipeTests.swift; sourceTree = "<group>"; };
		6F77D54A1FCE18E900E30628 /* Info.plist */ = {isa = PBXFileReference; lastKnownFileType = text.plist.xml; path = Info.plist; sourceTree = "<group>"; };
		6F77D54F1FCE18E900E30628 /* Pantry2RecipeUITests.xctest */ = {isa = PBXFileReference; explicitFileType = wrapper.cfbundle; includeInIndex = 0; path = Pantry2RecipeUITests.xctest; sourceTree = BUILT_PRODUCTS_DIR; };
		6F77D5531FCE18E900E30628 /* Pantry2RecipeUITests.swift */ = {isa = PBXFileReference; lastKnownFileType = sourcecode.swift; path = Pantry2RecipeUITests.swift; sourceTree = "<group>"; };
		6F77D5551FCE18E900E30628 /* Info.plist */ = {isa = PBXFileReference; lastKnownFileType = text.plist.xml; path = Info.plist; sourceTree = "<group>"; };
		6F77D5611FCE1CAC00E30628 /* RecipeViewController.swift */ = {isa = PBXFileReference; lastKnownFileType = sourcecode.swift; path = RecipeViewController.swift; sourceTree = "<group>"; };
		6F77D5631FCE1DD600E30628 /* Recipes.swift */ = {isa = PBXFileReference; lastKnownFileType = sourcecode.swift; path = Recipes.swift; sourceTree = "<group>"; };
		6F9EF3E51FD0AA8D0011B383 /* TableViewCell.swift */ = {isa = PBXFileReference; lastKnownFileType = sourcecode.swift; path = TableViewCell.swift; sourceTree = "<group>"; };
		719659EAD5DC12DA8B09B87B /* Pods_Pantry2Recipe.framework */ = {isa = PBXFileReference; explicitFileType = wrapper.framework; includeInIndex = 0; path = Pods_Pantry2Recipe.framework; sourceTree = BUILT_PRODUCTS_DIR; };
		7E3F2AA1074C70B905CDE607 /* Pods-Pantry2Recipe.release.xcconfig */ = {isa = PBXFileReference; includeInIndex = 1; lastKnownFileType = text.xcconfig; name = "Pods-Pantry2Recipe.release.xcconfig"; path = "Pods/Target Support Files/Pods-Pantry2Recipe/Pods-Pantry2Recipe.release.xcconfig"; sourceTree = "<group>"; };
		F4BA4764D6C4CE6F521A749F /* Pods-Pantry2Recipe.debug.xcconfig */ = {isa = PBXFileReference; includeInIndex = 1; lastKnownFileType = text.xcconfig; name = "Pods-Pantry2Recipe.debug.xcconfig"; path = "Pods/Target Support Files/Pods-Pantry2Recipe/Pods-Pantry2Recipe.debug.xcconfig"; sourceTree = "<group>"; };
/* End PBXFileReference section */

/* Begin PBXFrameworksBuildPhase section */
		6F77D52D1FCE18E900E30628 /* Frameworks */ = {
			isa = PBXFrameworksBuildPhase;
			buildActionMask = 2147483647;
			files = (
				2588BCBC12B596D1216116CB /* Pods_Pantry2Recipe.framework in Frameworks */,
			);
			runOnlyForDeploymentPostprocessing = 0;
		};
		6F77D5411FCE18E900E30628 /* Frameworks */ = {
			isa = PBXFrameworksBuildPhase;
			buildActionMask = 2147483647;
			files = (
			);
			runOnlyForDeploymentPostprocessing = 0;
		};
		6F77D54C1FCE18E900E30628 /* Frameworks */ = {
			isa = PBXFrameworksBuildPhase;
			buildActionMask = 2147483647;
			files = (
			);
			runOnlyForDeploymentPostprocessing = 0;
		};
/* End PBXFrameworksBuildPhase section */

/* Begin PBXGroup section */
		3315E41D80172E8C7CA41D7D /* Pods */ = {
			isa = PBXGroup;
			children = (
				F4BA4764D6C4CE6F521A749F /* Pods-Pantry2Recipe.debug.xcconfig */,
				7E3F2AA1074C70B905CDE607 /* Pods-Pantry2Recipe.release.xcconfig */,
			);
			name = Pods;
			sourceTree = "<group>";
		};
		6F77D5271FCE18E900E30628 = {
			isa = PBXGroup;
			children = (
				6F77D5321FCE18E900E30628 /* Pantry2Recipe */,
				6F77D5471FCE18E900E30628 /* Pantry2RecipeTests */,
				6F77D5521FCE18E900E30628 /* Pantry2RecipeUITests */,
				6F77D5311FCE18E900E30628 /* Products */,
				3315E41D80172E8C7CA41D7D /* Pods */,
				AE41765E54D21C9D3AD4A70F /* Frameworks */,
			);
			sourceTree = "<group>";
		};
		6F77D5311FCE18E900E30628 /* Products */ = {
			isa = PBXGroup;
			children = (
				6F77D5301FCE18E900E30628 /* Pantry2Recipe.app */,
				6F77D5441FCE18E900E30628 /* Pantry2RecipeTests.xctest */,
				6F77D54F1FCE18E900E30628 /* Pantry2RecipeUITests.xctest */,
			);
			name = Products;
			sourceTree = "<group>";
		};
		6F77D5321FCE18E900E30628 /* Pantry2Recipe */ = {
			isa = PBXGroup;
			children = (
				6F77D5331FCE18E900E30628 /* AppDelegate.swift */,
				6F77D5631FCE1DD600E30628 /* Recipes.swift */,
				6F9EF3E51FD0AA8D0011B383 /* TableViewCell.swift */,
				6F07BDFC1FD5CA2D00B54E96 /* AboutViewController.swift */,
				6F77D5351FCE18E900E30628 /* ViewController.swift */,
				6F77D5611FCE1CAC00E30628 /* RecipeViewController.swift */,
				6F77D5371FCE18E900E30628 /* Main.storyboard */,
				6F77D53A1FCE18E900E30628 /* Assets.xcassets */,
				6F77D53C1FCE18E900E30628 /* LaunchScreen.storyboard */,
				6F77D53F1FCE18E900E30628 /* Info.plist */,
			);
			path = Pantry2Recipe;
			sourceTree = "<group>";
		};
		6F77D5471FCE18E900E30628 /* Pantry2RecipeTests */ = {
			isa = PBXGroup;
			children = (
				6F77D5481FCE18E900E30628 /* Pantry2RecipeTests.swift */,
				6F77D54A1FCE18E900E30628 /* Info.plist */,
			);
			path = Pantry2RecipeTests;
			sourceTree = "<group>";
		};
		6F77D5521FCE18E900E30628 /* Pantry2RecipeUITests */ = {
			isa = PBXGroup;
			children = (
				6F77D5531FCE18E900E30628 /* Pantry2RecipeUITests.swift */,
				6F77D5551FCE18E900E30628 /* Info.plist */,
			);
			path = Pantry2RecipeUITests;
			sourceTree = "<group>";
		};
		AE41765E54D21C9D3AD4A70F /* Frameworks */ = {
			isa = PBXGroup;
			children = (
				719659EAD5DC12DA8B09B87B /* Pods_Pantry2Recipe.framework */,
			);
			name = Frameworks;
			sourceTree = "<group>";
		};
/* End PBXGroup section */

/* Begin PBXNativeTarget section */
		6F77D52F1FCE18E900E30628 /* Pantry2Recipe */ = {
			isa = PBXNativeTarget;
			buildConfigurationList = 6F77D5581FCE18E900E30628 /* Build configuration list for PBXNativeTarget "Pantry2Recipe" */;
			buildPhases = (
				F126FAB8954526DB100C4096 /* [CP] Check Pods Manifest.lock */,
				6F77D52C1FCE18E900E30628 /* Sources */,
				6F77D52D1FCE18E900E30628 /* Frameworks */,
				6F77D52E1FCE18E900E30628 /* Resources */,
				8BD07CEA445850552148C822 /* [CP] Embed Pods Frameworks */,
				9B3AAAC6C0A01F1A9EEF2A2C /* [CP] Copy Pods Resources */,
			);
			buildRules = (
			);
			dependencies = (
			);
			name = Pantry2Recipe;
			productName = Pantry2Recipe;
			productReference = 6F77D5301FCE18E900E30628 /* Pantry2Recipe.app */;
			productType = "com.apple.product-type.application";
		};
		6F77D5431FCE18E900E30628 /* Pantry2RecipeTests */ = {
			isa = PBXNativeTarget;
			buildConfigurationList = 6F77D55B1FCE18E900E30628 /* Build configuration list for PBXNativeTarget "Pantry2RecipeTests" */;
			buildPhases = (
				6F77D5401FCE18E900E30628 /* Sources */,
				6F77D5411FCE18E900E30628 /* Frameworks */,
				6F77D5421FCE18E900E30628 /* Resources */,
			);
			buildRules = (
			);
			dependencies = (
				6F77D5461FCE18E900E30628 /* PBXTargetDependency */,
			);
			name = Pantry2RecipeTests;
			productName = Pantry2RecipeTests;
			productReference = 6F77D5441FCE18E900E30628 /* Pantry2RecipeTests.xctest */;
			productType = "com.apple.product-type.bundle.unit-test";
		};
		6F77D54E1FCE18E900E30628 /* Pantry2RecipeUITests */ = {
			isa = PBXNativeTarget;
			buildConfigurationList = 6F77D55E1FCE18E900E30628 /* Build configuration list for PBXNativeTarget "Pantry2RecipeUITests" */;
			buildPhases = (
				6F77D54B1FCE18E900E30628 /* Sources */,
				6F77D54C1FCE18E900E30628 /* Frameworks */,
				6F77D54D1FCE18E900E30628 /* Resources */,
			);
			buildRules = (
			);
			dependencies = (
				6F77D5511FCE18E900E30628 /* PBXTargetDependency */,
			);
			name = Pantry2RecipeUITests;
			productName = Pantry2RecipeUITests;
			productReference = 6F77D54F1FCE18E900E30628 /* Pantry2RecipeUITests.xctest */;
			productType = "com.apple.product-type.bundle.ui-testing";
		};
/* End PBXNativeTarget section */

/* Begin PBXProject section */
		6F77D5281FCE18E900E30628 /* Project object */ = {
			isa = PBXProject;
			attributes = {
				LastSwiftUpdateCheck = 0910;
				LastUpgradeCheck = 0910;
				ORGANIZATIONNAME = "Zach Wilner";
				TargetAttributes = {
					6F77D52F1FCE18E900E30628 = {
						CreatedOnToolsVersion = 9.1;
						ProvisioningStyle = Automatic;
					};
					6F77D5431FCE18E900E30628 = {
						CreatedOnToolsVersion = 9.1;
						ProvisioningStyle = Automatic;
						TestTargetID = 6F77D52F1FCE18E900E30628;
					};
					6F77D54E1FCE18E900E30628 = {
						CreatedOnToolsVersion = 9.1;
						ProvisioningStyle = Automatic;
						TestTargetID = 6F77D52F1FCE18E900E30628;
					};
				};
			};
			buildConfigurationList = 6F77D52B1FCE18E900E30628 /* Build configuration list for PBXProject "Pantry2Recipe" */;
			compatibilityVersion = "Xcode 8.0";
			developmentRegion = en;
			hasScannedForEncodings = 0;
			knownRegions = (
				en,
				Base,
			);
			mainGroup = 6F77D5271FCE18E900E30628;
			productRefGroup = 6F77D5311FCE18E900E30628 /* Products */;
			projectDirPath = "";
			projectRoot = "";
			targets = (
				6F77D52F1FCE18E900E30628 /* Pantry2Recipe */,
				6F77D5431FCE18E900E30628 /* Pantry2RecipeTests */,
				6F77D54E1FCE18E900E30628 /* Pantry2RecipeUITests */,
			);
		};
/* End PBXProject section */

/* Begin PBXResourcesBuildPhase section */
		6F77D52E1FCE18E900E30628 /* Resources */ = {
			isa = PBXResourcesBuildPhase;
			buildActionMask = 2147483647;
			files = (
				6F77D53E1FCE18E900E30628 /* LaunchScreen.storyboard in Resources */,
				6F77D53B1FCE18E900E30628 /* Assets.xcassets in Resources */,
				6F77D5391FCE18E900E30628 /* Main.storyboard in Resources */,
			);
			runOnlyForDeploymentPostprocessing = 0;
		};
		6F77D5421FCE18E900E30628 /* Resources */ = {
			isa = PBXResourcesBuildPhase;
			buildActionMask = 2147483647;
			files = (
			);
			runOnlyForDeploymentPostprocessing = 0;
		};
		6F77D54D1FCE18E900E30628 /* Resources */ = {
			isa = PBXResourcesBuildPhase;
			buildActionMask = 2147483647;
			files = (
			);
			runOnlyForDeploymentPostprocessing = 0;
		};
/* End PBXResourcesBuildPhase section */

/* Begin PBXShellScriptBuildPhase section */
		8BD07CEA445850552148C822 /* [CP] Embed Pods Frameworks */ = {
			isa = PBXShellScriptBuildPhase;
			buildActionMask = 2147483647;
			files = (
			);
			inputPaths = (
				"${SRCROOT}/Pods/Target Support Files/Pods-Pantry2Recipe/Pods-Pantry2Recipe-frameworks.sh",
				"${BUILT_PRODUCTS_DIR}/Alamofire/Alamofire.framework",
				"${BUILT_PRODUCTS_DIR}/SwiftyJSON/SwiftyJSON.framework",
			);
			name = "[CP] Embed Pods Frameworks";
			outputPaths = (
				"${TARGET_BUILD_DIR}/${FRAMEWORKS_FOLDER_PATH}/Alamofire.framework",
				"${TARGET_BUILD_DIR}/${FRAMEWORKS_FOLDER_PATH}/SwiftyJSON.framework",
			);
			runOnlyForDeploymentPostprocessing = 0;
			shellPath = /bin/sh;
			shellScript = "\"${SRCROOT}/Pods/Target Support Files/Pods-Pantry2Recipe/Pods-Pantry2Recipe-frameworks.sh\"\n";
			showEnvVarsInLog = 0;
		};
		9B3AAAC6C0A01F1A9EEF2A2C /* [CP] Copy Pods Resources */ = {
			isa = PBXShellScriptBuildPhase;
			buildActionMask = 2147483647;
			files = (
			);
			inputPaths = (
			);
			name = "[CP] Copy Pods Resources";
			outputPaths = (
			);
			runOnlyForDeploymentPostprocessing = 0;
			shellPath = /bin/sh;
			shellScript = "\"${SRCROOT}/Pods/Target Support Files/Pods-Pantry2Recipe/Pods-Pantry2Recipe-resources.sh\"\n";
			showEnvVarsInLog = 0;
		};
		F126FAB8954526DB100C4096 /* [CP] Check Pods Manifest.lock */ = {
			isa = PBXShellScriptBuildPhase;
			buildActionMask = 2147483647;
			files = (
			);
			inputPaths = (
				"${PODS_PODFILE_DIR_PATH}/Podfile.lock",
				"${PODS_ROOT}/Manifest.lock",
			);
			name = "[CP] Check Pods Manifest.lock";
			outputPaths = (
				"$(DERIVED_FILE_DIR)/Pods-Pantry2Recipe-checkManifestLockResult.txt",
			);
			runOnlyForDeploymentPostprocessing = 0;
			shellPath = /bin/sh;
			shellScript = "diff \"${PODS_PODFILE_DIR_PATH}/Podfile.lock\" \"${PODS_ROOT}/Manifest.lock\" > /dev/null\nif [ $? != 0 ] ; then\n    # print error to STDERR\n    echo \"error: The sandbox is not in sync with the Podfile.lock. Run 'pod install' or update your CocoaPods installation.\" >&2\n    exit 1\nfi\n# This output is used by Xcode 'outputs' to avoid re-running this script phase.\necho \"SUCCESS\" > \"${SCRIPT_OUTPUT_FILE_0}\"\n";
			showEnvVarsInLog = 0;
		};
/* End PBXShellScriptBuildPhase section */

/* Begin PBXSourcesBuildPhase section */
		6F77D52C1FCE18E900E30628 /* Sources */ = {
			isa = PBXSourcesBuildPhase;
			buildActionMask = 2147483647;
			files = (
				6F07BDFD1FD5CA2D00B54E96 /* AboutViewController.swift in Sources */,
				6F9EF3E61FD0AA8D0011B383 /* TableViewCell.swift in Sources */,
				6F77D5361FCE18E900E30628 /* ViewController.swift in Sources */,
				6F77D5341FCE18E900E30628 /* AppDelegate.swift in Sources */,
				6F77D5621FCE1CAC00E30628 /* RecipeViewController.swift in Sources */,
				6F77D5641FCE1DD600E30628 /* Recipes.swift in Sources */,
			);
			runOnlyForDeploymentPostprocessing = 0;
		};
		6F77D5401FCE18E900E30628 /* Sources */ = {
			isa = PBXSourcesBuildPhase;
			buildActionMask = 2147483647;
			files = (
				6F77D5491FCE18E900E30628 /* Pantry2RecipeTests.swift in Sources */,
			);
			runOnlyForDeploymentPostprocessing = 0;
		};
		6F77D54B1FCE18E900E30628 /* Sources */ = {
			isa = PBXSourcesBuildPhase;
			buildActionMask = 2147483647;
			files = (
				6F77D5541FCE18E900E30628 /* Pantry2RecipeUITests.swift in Sources */,
			);
			runOnlyForDeploymentPostprocessing = 0;
		};
/* End PBXSourcesBuildPhase section */

/* Begin PBXTargetDependency section */
		6F77D5461FCE18E900E30628 /* PBXTargetDependency */ = {
			isa = PBXTargetDependency;
			target = 6F77D52F1FCE18E900E30628 /* Pantry2Recipe */;
			targetProxy = 6F77D5451FCE18E900E30628 /* PBXContainerItemProxy */;
		};
		6F77D5511FCE18E900E30628 /* PBXTargetDependency */ = {
			isa = PBXTargetDependency;
			target = 6F77D52F1FCE18E900E30628 /* Pantry2Recipe */;
			targetProxy = 6F77D5501FCE18E900E30628 /* PBXContainerItemProxy */;
		};
/* End PBXTargetDependency section */

/* Begin PBXVariantGroup section */
		6F77D5371FCE18E900E30628 /* Main.storyboard */ = {
			isa = PBXVariantGroup;
			children = (
				6F77D5381FCE18E900E30628 /* Base */,
			);
			name = Main.storyboard;
			sourceTree = "<group>";
		};
		6F77D53C1FCE18E900E30628 /* LaunchScreen.storyboard */ = {
			isa = PBXVariantGroup;
			children = (
				6F77D53D1FCE18E900E30628 /* Base */,
			);
			name = LaunchScreen.storyboard;
			sourceTree = "<group>";
		};
/* End PBXVariantGroup section */

/* Begin XCBuildConfiguration section */
		6F77D5561FCE18E900E30628 /* Debug */ = {
			isa = XCBuildConfiguration;
			buildSettings = {
				ALWAYS_SEARCH_USER_PATHS = NO;
				CLANG_ANALYZER_NONNULL = YES;
				CLANG_ANALYZER_NUMBER_OBJECT_CONVERSION = YES_AGGRESSIVE;
				CLANG_CXX_LANGUAGE_STANDARD = "gnu++14";
				CLANG_CXX_LIBRARY = "libc++";
				CLANG_ENABLE_MODULES = YES;
				CLANG_ENABLE_OBJC_ARC = YES;
				CLANG_WARN_BLOCK_CAPTURE_AUTORELEASING = YES;
				CLANG_WARN_BOOL_CONVERSION = YES;
				CLANG_WARN_COMMA = YES;
				CLANG_WARN_CONSTANT_CONVERSION = YES;
				CLANG_WARN_DIRECT_OBJC_ISA_USAGE = YES_ERROR;
				CLANG_WARN_DOCUMENTATION_COMMENTS = YES;
				CLANG_WARN_EMPTY_BODY = YES;
				CLANG_WARN_ENUM_CONVERSION = YES;
				CLANG_WARN_INFINITE_RECURSION = YES;
				CLANG_WARN_INT_CONVERSION = YES;
				CLANG_WARN_NON_LITERAL_NULL_CONVERSION = YES;
				CLANG_WARN_OBJC_LITERAL_CONVERSION = YES;
				CLANG_WARN_OBJC_ROOT_CLASS = YES_ERROR;
				CLANG_WARN_RANGE_LOOP_ANALYSIS = YES;
				CLANG_WARN_STRICT_PROTOTYPES = YES;
				CLANG_WARN_SUSPICIOUS_MOVE = YES;
				CLANG_WARN_UNGUARDED_AVAILABILITY = YES_AGGRESSIVE;
				CLANG_WARN_UNREACHABLE_CODE = YES;
				CLANG_WARN__DUPLICATE_METHOD_MATCH = YES;
				CODE_SIGN_IDENTITY = "iPhone Developer";
				COPY_PHASE_STRIP = NO;
				DEBUG_INFORMATION_FORMAT = dwarf;
				ENABLE_STRICT_OBJC_MSGSEND = YES;
				ENABLE_TESTABILITY = YES;
				GCC_C_LANGUAGE_STANDARD = gnu11;
				GCC_DYNAMIC_NO_PIC = NO;
				GCC_NO_COMMON_BLOCKS = YES;
				GCC_OPTIMIZATION_LEVEL = 0;
				GCC_PREPROCESSOR_DEFINITIONS = (
					"DEBUG=1",
					"$(inherited)",
				);
				GCC_WARN_64_TO_32_BIT_CONVERSION = YES;
				GCC_WARN_ABOUT_RETURN_TYPE = YES_ERROR;
				GCC_WARN_UNDECLARED_SELECTOR = YES;
				GCC_WARN_UNINITIALIZED_AUTOS = YES_AGGRESSIVE;
				GCC_WARN_UNUSED_FUNCTION = YES;
				GCC_WARN_UNUSED_VARIABLE = YES;
				IPHONEOS_DEPLOYMENT_TARGET = 11.1;
				MTL_ENABLE_DEBUG_INFO = YES;
				ONLY_ACTIVE_ARCH = YES;
				SDKROOT = iphoneos;
				SWIFT_ACTIVE_COMPILATION_CONDITIONS = DEBUG;
				SWIFT_OPTIMIZATION_LEVEL = "-Onone";
			};
			name = Debug;
		};
		6F77D5571FCE18E900E30628 /* Release */ = {
			isa = XCBuildConfiguration;
			buildSettings = {
				ALWAYS_SEARCH_USER_PATHS = NO;
				CLANG_ANALYZER_NONNULL = YES;
				CLANG_ANALYZER_NUMBER_OBJECT_CONVERSION = YES_AGGRESSIVE;
				CLANG_CXX_LANGUAGE_STANDARD = "gnu++14";
				CLANG_CXX_LIBRARY = "libc++";
				CLANG_ENABLE_MODULES = YES;
				CLANG_ENABLE_OBJC_ARC = YES;
				CLANG_WARN_BLOCK_CAPTURE_AUTORELEASING = YES;
				CLANG_WARN_BOOL_CONVERSION = YES;
				CLANG_WARN_COMMA = YES;
				CLANG_WARN_CONSTANT_CONVERSION = YES;
				CLANG_WARN_DIRECT_OBJC_ISA_USAGE = YES_ERROR;
				CLANG_WARN_DOCUMENTATION_COMMENTS = YES;
				CLANG_WARN_EMPTY_BODY = YES;
				CLANG_WARN_ENUM_CONVERSION = YES;
				CLANG_WARN_INFINITE_RECURSION = YES;
				CLANG_WARN_INT_CONVERSION = YES;
				CLANG_WARN_NON_LITERAL_NULL_CONVERSION = YES;
				CLANG_WARN_OBJC_LITERAL_CONVERSION = YES;
				CLANG_WARN_OBJC_ROOT_CLASS = YES_ERROR;
				CLANG_WARN_RANGE_LOOP_ANALYSIS = YES;
				CLANG_WARN_STRICT_PROTOTYPES = YES;
				CLANG_WARN_SUSPICIOUS_MOVE = YES;
				CLANG_WARN_UNGUARDED_AVAILABILITY = YES_AGGRESSIVE;
				CLANG_WARN_UNREACHABLE_CODE = YES;
				CLANG_WARN__DUPLICATE_METHOD_MATCH = YES;
				CODE_SIGN_IDENTITY = "iPhone Developer";
				COPY_PHASE_STRIP = NO;
				DEBUG_INFORMATION_FORMAT = "dwarf-with-dsym";
				ENABLE_NS_ASSERTIONS = NO;
				ENABLE_STRICT_OBJC_MSGSEND = YES;
				GCC_C_LANGUAGE_STANDARD = gnu11;
				GCC_NO_COMMON_BLOCKS = YES;
				GCC_WARN_64_TO_32_BIT_CONVERSION = YES;
				GCC_WARN_ABOUT_RETURN_TYPE = YES_ERROR;
				GCC_WARN_UNDECLARED_SELECTOR = YES;
				GCC_WARN_UNINITIALIZED_AUTOS = YES_AGGRESSIVE;
				GCC_WARN_UNUSED_FUNCTION = YES;
				GCC_WARN_UNUSED_VARIABLE = YES;
				IPHONEOS_DEPLOYMENT_TARGET = 11.1;
				MTL_ENABLE_DEBUG_INFO = NO;
				SDKROOT = iphoneos;
				SWIFT_OPTIMIZATION_LEVEL = "-Owholemodule";
				VALIDATE_PRODUCT = YES;
			};
			name = Release;
		};
		6F77D5591FCE18E900E30628 /* Debug */ = {
			isa = XCBuildConfiguration;
			baseConfigurationReference = F4BA4764D6C4CE6F521A749F /* Pods-Pantry2Recipe.debug.xcconfig */;
			buildSettings = {
				ASSETCATALOG_COMPILER_APPICON_NAME = AppIcon;
				CODE_SIGN_STYLE = Automatic;
				DEVELOPMENT_TEAM = QBP73YSYUZ;
				INFOPLIST_FILE = Pantry2Recipe/Info.plist;
				IPHONEOS_DEPLOYMENT_TARGET = 10.0;
				LD_RUNPATH_SEARCH_PATHS = "$(inherited) @executable_path/Frameworks";
				PRODUCT_BUNDLE_IDENTIFIER = com.wilner.Pantry2Recipe;
				PRODUCT_NAME = "$(TARGET_NAME)";
				SWIFT_VERSION = 4.0;
				TARGETED_DEVICE_FAMILY = "1,2";
			};
			name = Debug;
		};
		6F77D55A1FCE18E900E30628 /* Release */ = {
			isa = XCBuildConfiguration;
			baseConfigurationReference = 7E3F2AA1074C70B905CDE607 /* Pods-Pantry2Recipe.release.xcconfig */;
			buildSettings = {
				ASSETCATALOG_COMPILER_APPICON_NAME = AppIcon;
				CODE_SIGN_STYLE = Automatic;
				DEVELOPMENT_TEAM = QBP73YSYUZ;
				INFOPLIST_FILE = Pantry2Recipe/Info.plist;
				IPHONEOS_DEPLOYMENT_TARGET = 10.0;
				LD_RUNPATH_SEARCH_PATHS = "$(inherited) @executable_path/Frameworks";
				PRODUCT_BUNDLE_IDENTIFIER = com.wilner.Pantry2Recipe;
				PRODUCT_NAME = "$(TARGET_NAME)";
				SWIFT_VERSION = 4.0;
				TARGETED_DEVICE_FAMILY = "1,2";
			};
			name = Release;
		};
		6F77D55C1FCE18E900E30628 /* Debug */ = {
			isa = XCBuildConfiguration;
			buildSettings = {
				ALWAYS_EMBED_SWIFT_STANDARD_LIBRARIES = YES;
				BUNDLE_LOADER = "$(TEST_HOST)";
				CODE_SIGN_STYLE = Automatic;
				DEVELOPMENT_TEAM = QBP73YSYUZ;
				INFOPLIST_FILE = Pantry2RecipeTests/Info.plist;
				LD_RUNPATH_SEARCH_PATHS = "$(inherited) @executable_path/Frameworks @loader_path/Frameworks";
				PRODUCT_BUNDLE_IDENTIFIER = com.wilner.Pantry2RecipeTests;
				PRODUCT_NAME = "$(TARGET_NAME)";
				SWIFT_VERSION = 4.0;
				TARGETED_DEVICE_FAMILY = "1,2";
				TEST_HOST = "$(BUILT_PRODUCTS_DIR)/Pantry2Recipe.app/Pantry2Recipe";
			};
			name = Debug;
		};
		6F77D55D1FCE18E900E30628 /* Release */ = {
			isa = XCBuildConfiguration;
			buildSettings = {
				ALWAYS_EMBED_SWIFT_STANDARD_LIBRARIES = YES;
				BUNDLE_LOADER = "$(TEST_HOST)";
				CODE_SIGN_STYLE = Automatic;
				DEVELOPMENT_TEAM = QBP73YSYUZ;
				INFOPLIST_FILE = Pantry2RecipeTests/Info.plist;
				LD_RUNPATH_SEARCH_PATHS = "$(inherited) @executable_path/Frameworks @loader_path/Frameworks";
				PRODUCT_BUNDLE_IDENTIFIER = com.wilner.Pantry2RecipeTests;
				PRODUCT_NAME = "$(TARGET_NAME)";
				SWIFT_VERSION = 4.0;
				TARGETED_DEVICE_FAMILY = "1,2";
				TEST_HOST = "$(BUILT_PRODUCTS_DIR)/Pantry2Recipe.app/Pantry2Recipe";
			};
			name = Release;
		};
		6F77D55F1FCE18E900E30628 /* Debug */ = {
			isa = XCBuildConfiguration;
			buildSettings = {
				ALWAYS_EMBED_SWIFT_STANDARD_LIBRARIES = YES;
				CODE_SIGN_STYLE = Automatic;
				DEVELOPMENT_TEAM = QBP73YSYUZ;
				INFOPLIST_FILE = Pantry2RecipeUITests/Info.plist;
				LD_RUNPATH_SEARCH_PATHS = "$(inherited) @executable_path/Frameworks @loader_path/Frameworks";
				PRODUCT_BUNDLE_IDENTIFIER = com.wilner.Pantry2RecipeUITests;
				PRODUCT_NAME = "$(TARGET_NAME)";
				SWIFT_VERSION = 4.0;
				TARGETED_DEVICE_FAMILY = "1,2";
				TEST_TARGET_NAME = Pantry2Recipe;
			};
			name = Debug;
		};
		6F77D5601FCE18E900E30628 /* Release */ = {
			isa = XCBuildConfiguration;
			buildSettings = {
				ALWAYS_EMBED_SWIFT_STANDARD_LIBRARIES = YES;
				CODE_SIGN_STYLE = Automatic;
				DEVELOPMENT_TEAM = QBP73YSYUZ;
				INFOPLIST_FILE = Pantry2RecipeUITests/Info.plist;
				LD_RUNPATH_SEARCH_PATHS = "$(inherited) @executable_path/Frameworks @loader_path/Frameworks";
				PRODUCT_BUNDLE_IDENTIFIER = com.wilner.Pantry2RecipeUITests;
				PRODUCT_NAME = "$(TARGET_NAME)";
				SWIFT_VERSION = 4.0;
				TARGETED_DEVICE_FAMILY = "1,2";
				TEST_TARGET_NAME = Pantry2Recipe;
			};
			name = Release;
		};
/* End XCBuildConfiguration section */

/* Begin XCConfigurationList section */
		6F77D52B1FCE18E900E30628 /* Build configuration list for PBXProject "Pantry2Recipe" */ = {
			isa = XCConfigurationList;
			buildConfigurations = (
				6F77D5561FCE18E900E30628 /* Debug */,
				6F77D5571FCE18E900E30628 /* Release */,
			);
			defaultConfigurationIsVisible = 0;
			defaultConfigurationName = Release;
		};
		6F77D5581FCE18E900E30628 /* Build configuration list for PBXNativeTarget "Pantry2Recipe" */ = {
			isa = XCConfigurationList;
			buildConfigurations = (
				6F77D5591FCE18E900E30628 /* Debug */,
				6F77D55A1FCE18E900E30628 /* Release */,
			);
			defaultConfigurationIsVisible = 0;
			defaultConfigurationName = Release;
		};
		6F77D55B1FCE18E900E30628 /* Build configuration list for PBXNativeTarget "Pantry2RecipeTests" */ = {
			isa = XCConfigurationList;
			buildConfigurations = (
				6F77D55C1FCE18E900E30628 /* Debug */,
				6F77D55D1FCE18E900E30628 /* Release */,
			);
			defaultConfigurationIsVisible = 0;
			defaultConfigurationName = Release;
		};
		6F77D55E1FCE18E900E30628 /* Build configuration list for PBXNativeTarget "Pantry2RecipeUITests" */ = {
			isa = XCConfigurationList;
			buildConfigurations = (
				6F77D55F1FCE18E900E30628 /* Debug */,
				6F77D5601FCE18E900E30628 /* Release */,
			);
			defaultConfigurationIsVisible = 0;
			defaultConfigurationName = Release;
		};
/* End XCConfigurationList section */
	};
	rootObject = 6F77D5281FCE18E900E30628 /* Project object */;
}
